// !$*UTF8*$!
{
	archiveVersion = 1;
	classes = {
	};
	objectVersion = 46;
	objects = {

/* Begin PBXBuildFile section */
		DC1D27BD1AF57B6F00ABFB4C /* coffee.png in Resources */ = {isa = PBXBuildFile; fileRef = DC1D27BC1AF57B6F00ABFB4C /* coffee.png */; };
		DCC263CA1AEB14C300493AB0 /* main.m in Sources */ = {isa = PBXBuildFile; fileRef = DCC263C91AEB14C300493AB0 /* main.m */; };
		DCC263CD1AEB14C300493AB0 /* AppDelegate.m in Sources */ = {isa = PBXBuildFile; fileRef = DCC263CC1AEB14C300493AB0 /* AppDelegate.m */; };
		DCC263D01AEB14C300493AB0 /* FCMasterViewController.m in Sources */ = {isa = PBXBuildFile; fileRef = DCC263CF1AEB14C300493AB0 /* FCMasterViewController.m */; };
		DCC263D31AEB14C300493AB0 /* FCDetailViewController.m in Sources */ = {isa = PBXBuildFile; fileRef = DCC263D21AEB14C300493AB0 /* FCDetailViewController.m */; };
		DCC263D61AEB14C300493AB0 /* Main.storyboard in Resources */ = {isa = PBXBuildFile; fileRef = DCC263D41AEB14C300493AB0 /* Main.storyboard */; };
		DCC263D81AEB14C300493AB0 /* Images.xcassets in Resources */ = {isa = PBXBuildFile; fileRef = DCC263D71AEB14C300493AB0 /* Images.xcassets */; };
		DCC263DB1AEB14C300493AB0 /* LaunchScreen.xib in Resources */ = {isa = PBXBuildFile; fileRef = DCC263D91AEB14C300493AB0 /* LaunchScreen.xib */; };
		DCC263E71AEB14C300493AB0 /* FindCoffeeTests.m in Sources */ = {isa = PBXBuildFile; fileRef = DCC263E61AEB14C300493AB0 /* FindCoffeeTests.m */; };
		DCC264011AEB177800493AB0 /* libRestKit.a in Frameworks */ = {isa = PBXBuildFile; fileRef = DCC263F81AEB164500493AB0 /* libRestKit.a */; };
		DCC264031AEB17A000493AB0 /* CFNetwork.framework in Frameworks */ = {isa = PBXBuildFile; fileRef = DCC264021AEB179F00493AB0 /* CFNetwork.framework */; };
		DCC264051AEB17A900493AB0 /* CoreData.framework in Frameworks */ = {isa = PBXBuildFile; fileRef = DCC264041AEB17A900493AB0 /* CoreData.framework */; };
		DCC264071AEB17B300493AB0 /* MobileCoreServices.framework in Frameworks */ = {isa = PBXBuildFile; fileRef = DCC264061AEB17B300493AB0 /* MobileCoreServices.framework */; };
		DCC264091AEB17BC00493AB0 /* Security.framework in Frameworks */ = {isa = PBXBuildFile; fileRef = DCC264081AEB17BC00493AB0 /* Security.framework */; };
		DCC2640B1AEB17C800493AB0 /* SystemConfiguration.framework in Frameworks */ = {isa = PBXBuildFile; fileRef = DCC2640A1AEB17C800493AB0 /* SystemConfiguration.framework */; };
		DCC264111AEBCE3600493AB0 /* Venue.m in Sources */ = {isa = PBXBuildFile; fileRef = DCC264101AEBCE3600493AB0 /* Venue.m */; };
		DCC264141AEBD47800493AB0 /* Location.m in Sources */ = {isa = PBXBuildFile; fileRef = DCC264131AEBD47800493AB0 /* Location.m */; };
		DCC264161AEBF93F00493AB0 /* README.md in Resources */ = {isa = PBXBuildFile; fileRef = DCC264151AEBF93E00493AB0 /* README.md */; };
		DCC2641B1AEC01AA00493AB0 /* MapKit.framework in Frameworks */ = {isa = PBXBuildFile; fileRef = DCC2641A1AEC01AA00493AB0 /* MapKit.framework */; };
/* End PBXBuildFile section */

/* Begin PBXContainerItemProxy section */
		DCC263E11AEB14C300493AB0 /* PBXContainerItemProxy */ = {
			isa = PBXContainerItemProxy;
			containerPortal = DCC263BC1AEB14C300493AB0 /* Project object */;
			proxyType = 1;
			remoteGlobalIDString = DCC263C31AEB14C300493AB0;
			remoteInfo = FindCoffee;
		};
		DCC263F71AEB164500493AB0 /* PBXContainerItemProxy */ = {
			isa = PBXContainerItemProxy;
			containerPortal = DCC263F01AEB164500493AB0 /* RestKit.xcodeproj */;
			proxyType = 2;
			remoteGlobalIDString = 25160D1614564E810060A5C5;
			remoteInfo = RestKit;
		};
		DCC263F91AEB164500493AB0 /* PBXContainerItemProxy */ = {
			isa = PBXContainerItemProxy;
			containerPortal = DCC263F01AEB164500493AB0 /* RestKit.xcodeproj */;
			proxyType = 2;
			remoteGlobalIDString = 25160D2614564E820060A5C5;
			remoteInfo = RestKitTests;
		};
		DCC263FB1AEB164500493AB0 /* PBXContainerItemProxy */ = {
			isa = PBXContainerItemProxy;
			containerPortal = DCC263F01AEB164500493AB0 /* RestKit.xcodeproj */;
			proxyType = 2;
			remoteGlobalIDString = 25160E62145651060060A5C5;
			remoteInfo = RestKitFramework;
		};
		DCC263FD1AEB164500493AB0 /* PBXContainerItemProxy */ = {
			isa = PBXContainerItemProxy;
			containerPortal = DCC263F01AEB164500493AB0 /* RestKit.xcodeproj */;
			proxyType = 2;
			remoteGlobalIDString = 25160E78145651060060A5C5;
			remoteInfo = RestKitFrameworkTests;
		};
		DCC263FF1AEB176200493AB0 /* PBXContainerItemProxy */ = {
			isa = PBXContainerItemProxy;
			containerPortal = DCC263F01AEB164500493AB0 /* RestKit.xcodeproj */;
			proxyType = 1;
			remoteGlobalIDString = 25160D1514564E810060A5C5;
			remoteInfo = RestKit;
		};
/* End PBXContainerItemProxy section */

/* Begin PBXFileReference section */
		DC1D27BC1AF57B6F00ABFB4C /* coffee.png */ = {isa = PBXFileReference; lastKnownFileType = image.png; path = coffee.png; sourceTree = "<group>"; };
		DCC263C41AEB14C300493AB0 /* FindCoffee.app */ = {isa = PBXFileReference; explicitFileType = wrapper.application; includeInIndex = 0; path = FindCoffee.app; sourceTree = BUILT_PRODUCTS_DIR; };
		DCC263C81AEB14C300493AB0 /* Info.plist */ = {isa = PBXFileReference; lastKnownFileType = text.plist.xml; path = Info.plist; sourceTree = "<group>"; };
		DCC263C91AEB14C300493AB0 /* main.m */ = {isa = PBXFileReference; lastKnownFileType = sourcecode.c.objc; path = main.m; sourceTree = "<group>"; };
		DCC263CB1AEB14C300493AB0 /* AppDelegate.h */ = {isa = PBXFileReference; lastKnownFileType = sourcecode.c.h; path = AppDelegate.h; sourceTree = "<group>"; };
		DCC263CC1AEB14C300493AB0 /* AppDelegate.m */ = {isa = PBXFileReference; lastKnownFileType = sourcecode.c.objc; path = AppDelegate.m; sourceTree = "<group>"; };
		DCC263CE1AEB14C300493AB0 /* FCMasterViewController.h */ = {isa = PBXFileReference; lastKnownFileType = sourcecode.c.h; path = FCMasterViewController.h; sourceTree = "<group>"; };
		DCC263CF1AEB14C300493AB0 /* FCMasterViewController.m */ = {isa = PBXFileReference; lastKnownFileType = sourcecode.c.objc; path = FCMasterViewController.m; sourceTree = "<group>"; };
		DCC263D11AEB14C300493AB0 /* FCDetailViewController.h */ = {isa = PBXFileReference; lastKnownFileType = sourcecode.c.h; path = FCDetailViewController.h; sourceTree = "<group>"; };
		DCC263D21AEB14C300493AB0 /* FCDetailViewController.m */ = {isa = PBXFileReference; lastKnownFileType = sourcecode.c.objc; path = FCDetailViewController.m; sourceTree = "<group>"; };
		DCC263D51AEB14C300493AB0 /* Base */ = {isa = PBXFileReference; lastKnownFileType = file.storyboard; name = Base; path = Base.lproj/Main.storyboard; sourceTree = "<group>"; };
		DCC263D71AEB14C300493AB0 /* Images.xcassets */ = {isa = PBXFileReference; lastKnownFileType = folder.assetcatalog; path = Images.xcassets; sourceTree = "<group>"; };
		DCC263DA1AEB14C300493AB0 /* Base */ = {isa = PBXFileReference; lastKnownFileType = file.xib; name = Base; path = Base.lproj/LaunchScreen.xib; sourceTree = "<group>"; };
		DCC263E01AEB14C300493AB0 /* FindCoffeeTests.xctest */ = {isa = PBXFileReference; explicitFileType = wrapper.cfbundle; includeInIndex = 0; path = FindCoffeeTests.xctest; sourceTree = BUILT_PRODUCTS_DIR; };
		DCC263E51AEB14C300493AB0 /* Info.plist */ = {isa = PBXFileReference; lastKnownFileType = text.plist.xml; path = Info.plist; sourceTree = "<group>"; };
		DCC263E61AEB14C300493AB0 /* FindCoffeeTests.m */ = {isa = PBXFileReference; lastKnownFileType = sourcecode.c.objc; path = FindCoffeeTests.m; sourceTree = "<group>"; };
		DCC263F01AEB164500493AB0 /* RestKit.xcodeproj */ = {isa = PBXFileReference; lastKnownFileType = "wrapper.pb-project"; name = RestKit.xcodeproj; path = RestKit/RestKit.xcodeproj; sourceTree = "<group>"; };
		DCC264021AEB179F00493AB0 /* CFNetwork.framework */ = {isa = PBXFileReference; lastKnownFileType = wrapper.framework; name = CFNetwork.framework; path = System/Library/Frameworks/CFNetwork.framework; sourceTree = SDKROOT; };
		DCC264041AEB17A900493AB0 /* CoreData.framework */ = {isa = PBXFileReference; lastKnownFileType = wrapper.framework; name = CoreData.framework; path = System/Library/Frameworks/CoreData.framework; sourceTree = SDKROOT; };
		DCC264061AEB17B300493AB0 /* MobileCoreServices.framework */ = {isa = PBXFileReference; lastKnownFileType = wrapper.framework; name = MobileCoreServices.framework; path = System/Library/Frameworks/MobileCoreServices.framework; sourceTree = SDKROOT; };
		DCC264081AEB17BC00493AB0 /* Security.framework */ = {isa = PBXFileReference; lastKnownFileType = wrapper.framework; name = Security.framework; path = System/Library/Frameworks/Security.framework; sourceTree = SDKROOT; };
		DCC2640A1AEB17C800493AB0 /* SystemConfiguration.framework */ = {isa = PBXFileReference; lastKnownFileType = wrapper.framework; name = SystemConfiguration.framework; path = System/Library/Frameworks/SystemConfiguration.framework; sourceTree = SDKROOT; };
		DCC2640D1AEBCD7300493AB0 /* FindCoffee-Prefix.pch */ = {isa = PBXFileReference; lastKnownFileType = sourcecode.c.h; path = "FindCoffee-Prefix.pch"; sourceTree = "<group>"; };
		DCC2640F1AEBCE3600493AB0 /* Venue.h */ = {isa = PBXFileReference; fileEncoding = 4; lastKnownFileType = sourcecode.c.h; path = Venue.h; sourceTree = "<group>"; };
		DCC264101AEBCE3600493AB0 /* Venue.m */ = {isa = PBXFileReference; fileEncoding = 4; lastKnownFileType = sourcecode.c.objc; path = Venue.m; sourceTree = "<group>"; };
		DCC264121AEBD47800493AB0 /* Location.h */ = {isa = PBXFileReference; fileEncoding = 4; lastKnownFileType = sourcecode.c.h; path = Location.h; sourceTree = "<group>"; };
		DCC264131AEBD47800493AB0 /* Location.m */ = {isa = PBXFileReference; fileEncoding = 4; lastKnownFileType = sourcecode.c.objc; path = Location.m; sourceTree = "<group>"; };
		DCC264151AEBF93E00493AB0 /* README.md */ = {isa = PBXFileReference; fileEncoding = 4; lastKnownFileType = net.daringfireball.markdown; path = README.md; sourceTree = "<group>"; };
		DCC2641A1AEC01AA00493AB0 /* MapKit.framework */ = {isa = PBXFileReference; lastKnownFileType = wrapper.framework; name = MapKit.framework; path = System/Library/Frameworks/MapKit.framework; sourceTree = SDKROOT; };
/* End PBXFileReference section */

/* Begin PBXFrameworksBuildPhase section */
		DCC263C11AEB14C300493AB0 /* Frameworks */ = {
			isa = PBXFrameworksBuildPhase;
			buildActionMask = 2147483647;
			files = (
				DCC2641B1AEC01AA00493AB0 /* MapKit.framework in Frameworks */,
				DCC2640B1AEB17C800493AB0 /* SystemConfiguration.framework in Frameworks */,
				DCC264091AEB17BC00493AB0 /* Security.framework in Frameworks */,
				DCC264071AEB17B300493AB0 /* MobileCoreServices.framework in Frameworks */,
				DCC264051AEB17A900493AB0 /* CoreData.framework in Frameworks */,
				DCC264031AEB17A000493AB0 /* CFNetwork.framework in Frameworks */,
				DCC264011AEB177800493AB0 /* libRestKit.a in Frameworks */,
			);
			runOnlyForDeploymentPostprocessing = 0;
		};
		DCC263DD1AEB14C300493AB0 /* Frameworks */ = {
			isa = PBXFrameworksBuildPhase;
			buildActionMask = 2147483647;
			files = (
			);
			runOnlyForDeploymentPostprocessing = 0;
		};
/* End PBXFrameworksBuildPhase section */

/* Begin PBXGroup section */
		DC1D27B61AF57A5D00ABFB4C /* Images */ = {
			isa = PBXGroup;
			children = (
				DC1D27BC1AF57B6F00ABFB4C /* coffee.png */,
			);
			name = Images;
			sourceTree = "<group>";
		};
		DC1D27BA1AF57A6600ABFB4C /* ViewControllers */ = {
			isa = PBXGroup;
			children = (
				DCC263CE1AEB14C300493AB0 /* FCMasterViewController.h */,
				DCC263CF1AEB14C300493AB0 /* FCMasterViewController.m */,
				DCC263D11AEB14C300493AB0 /* FCDetailViewController.h */,
				DCC263D21AEB14C300493AB0 /* FCDetailViewController.m */,
			);
			name = ViewControllers;
			sourceTree = "<group>";
		};
		DC1D27BB1AF57A7000ABFB4C /* Classes */ = {
			isa = PBXGroup;
			children = (
				DCC2640F1AEBCE3600493AB0 /* Venue.h */,
				DCC264101AEBCE3600493AB0 /* Venue.m */,
				DCC264121AEBD47800493AB0 /* Location.h */,
				DCC264131AEBD47800493AB0 /* Location.m */,
				DC1D27BA1AF57A6600ABFB4C /* ViewControllers */,
			);
			name = Classes;
			sourceTree = "<group>";
		};
		DCC263BB1AEB14C300493AB0 = {
			isa = PBXGroup;
			children = (
				DCC263F01AEB164500493AB0 /* RestKit.xcodeproj */,
				DCC264151AEBF93E00493AB0 /* README.md */,
				DCC263C61AEB14C300493AB0 /* FindCoffee */,
				DCC263E31AEB14C300493AB0 /* FindCoffeeTests */,
				DCC263C51AEB14C300493AB0 /* Products */,
				DCC2640C1AEB181D00493AB0 /* Frameworks */,
			);
			sourceTree = "<group>";
		};
		DCC263C51AEB14C300493AB0 /* Products */ = {
			isa = PBXGroup;
			children = (
				DCC263C41AEB14C300493AB0 /* FindCoffee.app */,
				DCC263E01AEB14C300493AB0 /* FindCoffeeTests.xctest */,
			);
			name = Products;
			sourceTree = "<group>";
		};
		DCC263C61AEB14C300493AB0 /* FindCoffee */ = {
			isa = PBXGroup;
			children = (
				DC1D27BB1AF57A7000ABFB4C /* Classes */,
				DC1D27B61AF57A5D00ABFB4C /* Images */,
				DCC263CB1AEB14C300493AB0 /* AppDelegate.h */,
				DCC263CC1AEB14C300493AB0 /* AppDelegate.m */,
				DCC263D41AEB14C300493AB0 /* Main.storyboard */,
				DCC263D71AEB14C300493AB0 /* Images.xcassets */,
				DCC263D91AEB14C300493AB0 /* LaunchScreen.xib */,
				DCC263C71AEB14C300493AB0 /* Supporting Files */,
			);
			path = FindCoffee;
			sourceTree = "<group>";
		};
		DCC263C71AEB14C300493AB0 /* Supporting Files */ = {
			isa = PBXGroup;
			children = (
				DCC263C81AEB14C300493AB0 /* Info.plist */,
				DCC263C91AEB14C300493AB0 /* main.m */,
				DCC2640D1AEBCD7300493AB0 /* FindCoffee-Prefix.pch */,
			);
			name = "Supporting Files";
			sourceTree = "<group>";
		};
		DCC263E31AEB14C300493AB0 /* FindCoffeeTests */ = {
			isa = PBXGroup;
			children = (
				DCC263E61AEB14C300493AB0 /* FindCoffeeTests.m */,
				DCC263E41AEB14C300493AB0 /* Supporting Files */,
			);
			path = FindCoffeeTests;
			sourceTree = "<group>";
		};
		DCC263E41AEB14C300493AB0 /* Supporting Files */ = {
			isa = PBXGroup;
			children = (
				DCC263E51AEB14C300493AB0 /* Info.plist */,
			);
			name = "Supporting Files";
			sourceTree = "<group>";
		};
		DCC263F11AEB164500493AB0 /* Products */ = {
			isa = PBXGroup;
			children = (
				DCC263F81AEB164500493AB0 /* libRestKit.a */,
				DCC263FA1AEB164500493AB0 /* RestKitTests.xctest */,
				DCC263FC1AEB164500493AB0 /* RestKit.framework */,
				DCC263FE1AEB164500493AB0 /* RestKitFrameworkTests.xctest */,
			);
			name = Products;
			sourceTree = "<group>";
		};
		DCC2640C1AEB181D00493AB0 /* Frameworks */ = {
			isa = PBXGroup;
			children = (
				DCC2641A1AEC01AA00493AB0 /* MapKit.framework */,
				DCC2640A1AEB17C800493AB0 /* SystemConfiguration.framework */,
				DCC264081AEB17BC00493AB0 /* Security.framework */,
				DCC264061AEB17B300493AB0 /* MobileCoreServices.framework */,
				DCC264041AEB17A900493AB0 /* CoreData.framework */,
				DCC264021AEB179F00493AB0 /* CFNetwork.framework */,
			);
			name = Frameworks;
			sourceTree = "<group>";
		};
/* End PBXGroup section */

/* Begin PBXNativeTarget section */
		DCC263C31AEB14C300493AB0 /* FindCoffee */ = {
			isa = PBXNativeTarget;
			buildConfigurationList = DCC263EA1AEB14C300493AB0 /* Build configuration list for PBXNativeTarget "FindCoffee" */;
			buildPhases = (
				DCC263C01AEB14C300493AB0 /* Sources */,
				DCC263C11AEB14C300493AB0 /* Frameworks */,
				DCC263C21AEB14C300493AB0 /* Resources */,
			);
			buildRules = (
			);
			dependencies = (
				DCC264001AEB176200493AB0 /* PBXTargetDependency */,
			);
			name = FindCoffee;
			productName = FindCoffee;
			productReference = DCC263C41AEB14C300493AB0 /* FindCoffee.app */;
			productType = "com.apple.product-type.application";
		};
		DCC263DF1AEB14C300493AB0 /* FindCoffeeTests */ = {
			isa = PBXNativeTarget;
			buildConfigurationList = DCC263ED1AEB14C300493AB0 /* Build configuration list for PBXNativeTarget "FindCoffeeTests" */;
			buildPhases = (
				DCC263DC1AEB14C300493AB0 /* Sources */,
				DCC263DD1AEB14C300493AB0 /* Frameworks */,
				DCC263DE1AEB14C300493AB0 /* Resources */,
			);
			buildRules = (
			);
			dependencies = (
				DCC263E21AEB14C300493AB0 /* PBXTargetDependency */,
			);
			name = FindCoffeeTests;
			productName = FindCoffeeTests;
			productReference = DCC263E01AEB14C300493AB0 /* FindCoffeeTests.xctest */;
			productType = "com.apple.product-type.bundle.unit-test";
		};
/* End PBXNativeTarget section */

/* Begin PBXProject section */
		DCC263BC1AEB14C300493AB0 /* Project object */ = {
			isa = PBXProject;
			attributes = {
				LastUpgradeCheck = 0630;
				ORGANIZATIONNAME = "Amy Wold";
				TargetAttributes = {
					DCC263C31AEB14C300493AB0 = {
						CreatedOnToolsVersion = 6.3;
					};
					DCC263DF1AEB14C300493AB0 = {
						CreatedOnToolsVersion = 6.3;
						TestTargetID = DCC263C31AEB14C300493AB0;
					};
				};
			};
			buildConfigurationList = DCC263BF1AEB14C300493AB0 /* Build configuration list for PBXProject "FindCoffee" */;
			compatibilityVersion = "Xcode 3.2";
			developmentRegion = English;
			hasScannedForEncodings = 0;
			knownRegions = (
				en,
				Base,
			);
			mainGroup = DCC263BB1AEB14C300493AB0;
			productRefGroup = DCC263C51AEB14C300493AB0 /* Products */;
			projectDirPath = "";
			projectReferences = (
				{
					ProductGroup = DCC263F11AEB164500493AB0 /* Products */;
					ProjectRef = DCC263F01AEB164500493AB0 /* RestKit.xcodeproj */;
				},
			);
			projectRoot = "";
			targets = (
				DCC263C31AEB14C300493AB0 /* FindCoffee */,
				DCC263DF1AEB14C300493AB0 /* FindCoffeeTests */,
			);
		};
/* End PBXProject section */

/* Begin PBXReferenceProxy section */
		DCC263F81AEB164500493AB0 /* libRestKit.a */ = {
			isa = PBXReferenceProxy;
			fileType = archive.ar;
			path = libRestKit.a;
			remoteRef = DCC263F71AEB164500493AB0 /* PBXContainerItemProxy */;
			sourceTree = BUILT_PRODUCTS_DIR;
		};
		DCC263FA1AEB164500493AB0 /* RestKitTests.xctest */ = {
			isa = PBXReferenceProxy;
			fileType = wrapper.cfbundle;
			path = RestKitTests.xctest;
			remoteRef = DCC263F91AEB164500493AB0 /* PBXContainerItemProxy */;
			sourceTree = BUILT_PRODUCTS_DIR;
		};
		DCC263FC1AEB164500493AB0 /* RestKit.framework */ = {
			isa = PBXReferenceProxy;
			fileType = wrapper.framework;
			path = RestKit.framework;
			remoteRef = DCC263FB1AEB164500493AB0 /* PBXContainerItemProxy */;
			sourceTree = BUILT_PRODUCTS_DIR;
		};
		DCC263FE1AEB164500493AB0 /* RestKitFrameworkTests.xctest */ = {
			isa = PBXReferenceProxy;
			fileType = wrapper.cfbundle;
			path = RestKitFrameworkTests.xctest;
			remoteRef = DCC263FD1AEB164500493AB0 /* PBXContainerItemProxy */;
			sourceTree = BUILT_PRODUCTS_DIR;
		};
/* End PBXReferenceProxy section */

/* Begin PBXResourcesBuildPhase section */
		DCC263C21AEB14C300493AB0 /* Resources */ = {
			isa = PBXResourcesBuildPhase;
			buildActionMask = 2147483647;
			files = (
				DC1D27BD1AF57B6F00ABFB4C /* coffee.png in Resources */,
				DCC264161AEBF93F00493AB0 /* README.md in Resources */,
				DCC263D61AEB14C300493AB0 /* Main.storyboard in Resources */,
				DCC263DB1AEB14C300493AB0 /* LaunchScreen.xib in Resources */,
				DCC263D81AEB14C300493AB0 /* Images.xcassets in Resources */,
			);
			runOnlyForDeploymentPostprocessing = 0;
		};
		DCC263DE1AEB14C300493AB0 /* Resources */ = {
			isa = PBXResourcesBuildPhase;
			buildActionMask = 2147483647;
			files = (
			);
			runOnlyForDeploymentPostprocessing = 0;
		};
/* End PBXResourcesBuildPhase section */

/* Begin PBXSourcesBuildPhase section */
		DCC263C01AEB14C300493AB0 /* Sources */ = {
			isa = PBXSourcesBuildPhase;
			buildActionMask = 2147483647;
			files = (
				DCC263CD1AEB14C300493AB0 /* AppDelegate.m in Sources */,
				DCC263D01AEB14C300493AB0 /* FCMasterViewController.m in Sources */,
				DCC263CA1AEB14C300493AB0 /* main.m in Sources */,
				DCC264111AEBCE3600493AB0 /* Venue.m in Sources */,
				DCC264141AEBD47800493AB0 /* Location.m in Sources */,
				DCC263D31AEB14C300493AB0 /* FCDetailViewController.m in Sources */,
			);
			runOnlyForDeploymentPostprocessing = 0;
		};
		DCC263DC1AEB14C300493AB0 /* Sources */ = {
			isa = PBXSourcesBuildPhase;
			buildActionMask = 2147483647;
			files = (
				DCC263E71AEB14C300493AB0 /* FindCoffeeTests.m in Sources */,
			);
			runOnlyForDeploymentPostprocessing = 0;
		};
/* End PBXSourcesBuildPhase section */

/* Begin PBXTargetDependency section */
		DCC263E21AEB14C300493AB0 /* PBXTargetDependency */ = {
			isa = PBXTargetDependency;
			target = DCC263C31AEB14C300493AB0 /* FindCoffee */;
			targetProxy = DCC263E11AEB14C300493AB0 /* PBXContainerItemProxy */;
		};
		DCC264001AEB176200493AB0 /* PBXTargetDependency */ = {
			isa = PBXTargetDependency;
			name = RestKit;
			targetProxy = DCC263FF1AEB176200493AB0 /* PBXContainerItemProxy */;
		};
/* End PBXTargetDependency section */

/* Begin PBXVariantGroup section */
		DCC263D41AEB14C300493AB0 /* Main.storyboard */ = {
			isa = PBXVariantGroup;
			children = (
				DCC263D51AEB14C300493AB0 /* Base */,
			);
			name = Main.storyboard;
			sourceTree = "<group>";
		};
		DCC263D91AEB14C300493AB0 /* LaunchScreen.xib */ = {
			isa = PBXVariantGroup;
			children = (
				DCC263DA1AEB14C300493AB0 /* Base */,
			);
			name = LaunchScreen.xib;
			sourceTree = "<group>";
		};
/* End PBXVariantGroup section */

/* Begin XCBuildConfiguration section */
		DCC263E81AEB14C300493AB0 /* Debug */ = {
			isa = XCBuildConfiguration;
			buildSettings = {
				ALWAYS_SEARCH_USER_PATHS = NO;
				CLANG_CXX_LANGUAGE_STANDARD = "gnu++0x";
				CLANG_CXX_LIBRARY = "libc++";
				CLANG_ENABLE_MODULES = YES;
				CLANG_ENABLE_OBJC_ARC = YES;
				CLANG_WARN_BOOL_CONVERSION = YES;
				CLANG_WARN_CONSTANT_CONVERSION = YES;
				CLANG_WARN_DIRECT_OBJC_ISA_USAGE = YES_ERROR;
				CLANG_WARN_EMPTY_BODY = YES;
				CLANG_WARN_ENUM_CONVERSION = YES;
				CLANG_WARN_INT_CONVERSION = YES;
				CLANG_WARN_OBJC_ROOT_CLASS = YES_ERROR;
				CLANG_WARN_UNREACHABLE_CODE = YES;
				CLANG_WARN__DUPLICATE_METHOD_MATCH = YES;
				"CODE_SIGN_IDENTITY[sdk=iphoneos*]" = "iPhone Developer";
				COPY_PHASE_STRIP = NO;
				DEBUG_INFORMATION_FORMAT = "dwarf-with-dsym";
				ENABLE_STRICT_OBJC_MSGSEND = YES;
				GCC_C_LANGUAGE_STANDARD = gnu99;
				GCC_DYNAMIC_NO_PIC = NO;
				GCC_NO_COMMON_BLOCKS = YES;
				GCC_OPTIMIZATION_LEVEL = 0;
				GCC_PREPROCESSOR_DEFINITIONS = (
					"DEBUG=1",
					"$(inherited)",
				);
				GCC_SYMBOLS_PRIVATE_EXTERN = NO;
				GCC_WARN_64_TO_32_BIT_CONVERSION = YES;
				GCC_WARN_ABOUT_RETURN_TYPE = YES_ERROR;
				GCC_WARN_UNDECLARED_SELECTOR = YES;
				GCC_WARN_UNINITIALIZED_AUTOS = YES_AGGRESSIVE;
				GCC_WARN_UNUSED_FUNCTION = YES;
				GCC_WARN_UNUSED_VARIABLE = YES;
				IPHONEOS_DEPLOYMENT_TARGET = 8.3;
				MTL_ENABLE_DEBUG_INFO = YES;
				ONLY_ACTIVE_ARCH = YES;
				SDKROOT = iphoneos;
			};
			name = Debug;
		};
		DCC263E91AEB14C300493AB0 /* Release */ = {
			isa = XCBuildConfiguration;
			buildSettings = {
				ALWAYS_SEARCH_USER_PATHS = NO;
				CLANG_CXX_LANGUAGE_STANDARD = "gnu++0x";
				CLANG_CXX_LIBRARY = "libc++";
				CLANG_ENABLE_MODULES = YES;
				CLANG_ENABLE_OBJC_ARC = YES;
				CLANG_WARN_BOOL_CONVERSION = YES;
				CLANG_WARN_CONSTANT_CONVERSION = YES;
				CLANG_WARN_DIRECT_OBJC_ISA_USAGE = YES_ERROR;
				CLANG_WARN_EMPTY_BODY = YES;
				CLANG_WARN_ENUM_CONVERSION = YES;
				CLANG_WARN_INT_CONVERSION = YES;
				CLANG_WARN_OBJC_ROOT_CLASS = YES_ERROR;
				CLANG_WARN_UNREACHABLE_CODE = YES;
				CLANG_WARN__DUPLICATE_METHOD_MATCH = YES;
				"CODE_SIGN_IDENTITY[sdk=iphoneos*]" = "iPhone Developer";
				COPY_PHASE_STRIP = NO;
				DEBUG_INFORMATION_FORMAT = "dwarf-with-dsym";
				ENABLE_NS_ASSERTIONS = NO;
				ENABLE_STRICT_OBJC_MSGSEND = YES;
				GCC_C_LANGUAGE_STANDARD = gnu99;
				GCC_NO_COMMON_BLOCKS = YES;
				GCC_WARN_64_TO_32_BIT_CONVERSION = YES;
				GCC_WARN_ABOUT_RETURN_TYPE = YES_ERROR;
				GCC_WARN_UNDECLARED_SELECTOR = YES;
				GCC_WARN_UNINITIALIZED_AUTOS = YES_AGGRESSIVE;
				GCC_WARN_UNUSED_FUNCTION = YES;
				GCC_WARN_UNUSED_VARIABLE = YES;
				IPHONEOS_DEPLOYMENT_TARGET = 8.3;
				MTL_ENABLE_DEBUG_INFO = NO;
				SDKROOT = iphoneos;
				VALIDATE_PRODUCT = YES;
			};
			name = Release;
		};
		DCC263EB1AEB14C300493AB0 /* Debug */ = {
			isa = XCBuildConfiguration;
			buildSettings = {
				ASSETCATALOG_COMPILER_APPICON_NAME = AppIcon;
				HEADER_SEARCH_PATHS = (
					"$(inherited)",
					/Applications/Xcode.app/Contents/Developer/Toolchains/XcodeDefault.xctoolchain/usr/include,
					"\"$(BUILT_PRODUCTS_DIR)/../../Headers\"",
				);
				INFOPLIST_FILE = FindCoffee/Info.plist;
				LD_RUNPATH_SEARCH_PATHS = "$(inherited) @executable_path/Frameworks";
				OTHER_LDFLAGS = "-ObjC";
				PRODUCT_NAME = "$(TARGET_NAME)";
				TARGETED_DEVICE_FAMILY = 1;
			};
			name = Debug;
		};
		DCC263EC1AEB14C300493AB0 /* Release */ = {
			isa = XCBuildConfiguration;
			buildSettings = {
				ASSETCATALOG_COMPILER_APPICON_NAME = AppIcon;
				HEADER_SEARCH_PATHS = (
					"$(inherited)",
					/Applications/Xcode.app/Contents/Developer/Toolchains/XcodeDefault.xctoolchain/usr/include,
					"\"$(BUILT_PRODUCTS_DIR)/../../Headers\"",
				);
				INFOPLIST_FILE = FindCoffee/Info.plist;
				LD_RUNPATH_SEARCH_PATHS = "$(inherited) @executable_path/Frameworks";
				OTHER_LDFLAGS = "-ObjC";
				PRODUCT_NAME = "$(TARGET_NAME)";
				TARGETED_DEVICE_FAMILY = 1;
			};
			name = Release;
		};
		DCC263EE1AEB14C300493AB0 /* Debug */ = {
			isa = XCBuildConfiguration;
			buildSettings = {
				BUNDLE_LOADER = "$(TEST_HOST)";
				FRAMEWORK_SEARCH_PATHS = (
					"$(SDKROOT)/Developer/Library/Frameworks",
					"$(inherited)",
				);
				GCC_PREPROCESSOR_DEFINITIONS = (
					"DEBUG=1",
					"$(inherited)",
				);
				INFOPLIST_FILE = FindCoffeeTests/Info.plist;
				LD_RUNPATH_SEARCH_PATHS = "$(inherited) @executable_path/Frameworks @loader_path/Frameworks";
				PRODUCT_NAME = "$(TARGET_NAME)";
				TEST_HOST = "$(BUILT_PRODUCTS_DIR)/FindCoffee.app/FindCoffee";
			};
			name = Debug;
		};
		DCC263EF1AEB14C300493AB0 /* Release */ = {
			isa = XCBuildConfiguration;
			buildSettings = {
				BUNDLE_LOADER = "$(TEST_HOST)";
				FRAMEWORK_SEARCH_PATHS = (
					"$(SDKROOT)/Developer/Library/Frameworks",
					"$(inherited)",
				);
				INFOPLIST_FILE = FindCoffeeTests/Info.plist;
				LD_RUNPATH_SEARCH_PATHS = "$(inherited) @executable_path/Frameworks @loader_path/Frameworks";
				PRODUCT_NAME = "$(TARGET_NAME)";
				TEST_HOST = "$(BUILT_PRODUCTS_DIR)/FindCoffee.app/FindCoffee";
			};
			name = Release;
		};
/* End XCBuildConfiguration section */

/* Begin XCConfigurationList section */
		DCC263BF1AEB14C300493AB0 /* Build configuration list for PBXProject "FindCoffee" */ = {
			isa = XCConfigurationList;
			buildConfigurations = (
				DCC263E81AEB14C300493AB0 /* Debug */,
				DCC263E91AEB14C300493AB0 /* Release */,
			);
			defaultConfigurationIsVisible = 0;
			defaultConfigurationName = Release;
		};
		DCC263EA1AEB14C300493AB0 /* Build configuration list for PBXNativeTarget "FindCoffee" */ = {
			isa = XCConfigurationList;
			buildConfigurations = (
				DCC263EB1AEB14C300493AB0 /* Debug */,
				DCC263EC1AEB14C300493AB0 /* Release */,
			);
			defaultConfigurationIsVisible = 0;
			defaultConfigurationName = Release;
		};
		DCC263ED1AEB14C300493AB0 /* Build configuration list for PBXNativeTarget "FindCoffeeTests" */ = {
			isa = XCConfigurationList;
			buildConfigurations = (
				DCC263EE1AEB14C300493AB0 /* Debug */,
				DCC263EF1AEB14C300493AB0 /* Release */,
			);
			defaultConfigurationIsVisible = 0;
			defaultConfigurationName = Release;
		};
/* End XCConfigurationList section */
	};
	rootObject = DCC263BC1AEB14C300493AB0 /* Project object */;
}
